
Microsoft Visual Studio Solution File, Format Version 12.00
# Visual Studio Version 16
VisualStudioVersion = 16.0.31129.286
MinimumVisualStudioVersion = 10.0.40219.1
Project("{9A19103F-16F7-4668-BE54-9A1E7A4F7556}") = "ElectronicColorCode", "ElectronicColorCode\ElectronicColorCode.csproj", "{986800D2-5F99-45DE-B00D-4B3EC31394A8}"
EndProject
Project("{9A19103F-16F7-4668-BE54-9A1E7A4F7556}") = "ElectronicColorCode.Sample", "ElectronicColorCode.Sample\ElectronicColorCode.Sample.csproj", "{FE1FE427-C846-46F5-A246-4276A58E15A1}"
EndProject
Project("{FAE04EC0-301F-11D3-BF4B-00C04F79EFBC}") = "ElectronicColorCode.Test", "ElectronicColorCode.Test\ElectronicColorCode.Test.csproj", "{3EECAA4E-7FB7-4F57-8EDD-BAF60E194F0A}"
EndProject
Global
	GlobalSection(SolutionConfigurationPlatforms) = preSolution
		Debug|Any CPU = Debug|Any CPU
		Release|Any CPU = Release|Any CPU
	EndGlobalSection
	GlobalSection(ProjectConfigurationPlatforms) = postSolution
		{986800D2-5F99-45DE-B00D-4B3EC31394A8}.Debug|Any CPU.ActiveCfg = Debug|Any CPU
		{986800D2-5F99-45DE-B00D-4B3EC31394A8}.Debug|Any CPU.Build.0 = Debug|Any CPU
		{986800D2-5F99-45DE-B00D-4B3EC31394A8}.Release|Any CPU.ActiveCfg = Release|Any CPU
		{986800D2-5F99-45DE-B00D-4B3EC31394A8}.Release|Any CPU.Build.0 = Release|Any CPU
		{FE1FE427-C846-46F5-A246-4276A58E15A1}.Debug|Any CPU.ActiveCfg = Debug|Any CPU
		{FE1FE427-C846-46F5-A246-4276A58E15A1}.Debug|Any CPU.Build.0 = Debug|Any CPU
		{FE1FE427-C846-46F5-A246-4276A58E15A1}.Release|Any CPU.ActiveCfg = Release|Any CPU
		{FE1FE427-C846-46F5-A246-4276A58E15A1}.Release|Any CPU.Build.0 = Release|Any CPU
		{3EECAA4E-7FB7-4F57-8EDD-BAF60E194F0A}.Debug|Any CPU.ActiveCfg = Debug|Any CPU
		{3EECAA4E-7FB7-4F57-8EDD-BAF60E194F0A}.Debug|Any CPU.Build.0 = Debug|Any CPU
		{3EECAA4E-7FB7-4F57-8EDD-BAF60E194F0A}.Release|Any CPU.ActiveCfg = Release|Any CPU
		{3EECAA4E-7FB7-4F57-8EDD-BAF60E194F0A}.Release|Any CPU.Build.0 = Release|Any CPU
	EndGlobalSection
	GlobalSection(SolutionProperties) = preSolution
		HideSolutionNode = FALSE
	EndGlobalSection
	GlobalSection(ExtensibilityGlobals) = postSolution
		SolutionGuid = {D679BBBD-528C-46F3-870E-277458B415B6}
	EndGlobalSection
EndGlobal
