
Microsoft Visual Studio Solution File, Format Version 12.00
# Visual Studio Version 16
VisualStudioVersion = 16.0.31205.134
MinimumVisualStudioVersion = 10.0.40219.1
Project("{FAE04EC0-301F-11D3-BF4B-00C04F79EFBC}") = "SubItemSummary", "SubItemSummary\SubItemSummary.csproj", "{147A0509-D020-4741-8F8A-DBAEFCC7DFF5}"
EndProject
Global
	GlobalSection(SolutionConfigurationPlatforms) = preSolution
		Debug|Any CPU = Debug|Any CPU
		Release|Any CPU = Release|Any CPU
	EndGlobalSection
	GlobalSection(ProjectConfigurationPlatforms) = postSolution
		{147A0509-D020-4741-8F8A-DBAEFCC7DFF5}.Debug|Any CPU.ActiveCfg = Debug|Any CPU
		{147A0509-D020-4741-8F8A-DBAEFCC7DFF5}.Debug|Any CPU.Build.0 = Debug|Any CPU
		{147A0509-D020-4741-8F8A-DBAEFCC7DFF5}.Release|Any CPU.ActiveCfg = Release|Any CPU
		{147A0509-D020-4741-8F8A-DBAEFCC7DFF5}.Release|Any CPU.Build.0 = Release|Any CPU
	EndGlobalSection
	GlobalSection(SolutionProperties) = preSolution
		HideSolutionNode = FALSE
	EndGlobalSection
	GlobalSection(ExtensibilityGlobals) = postSolution
		SolutionGuid = {7272CAE2-E667-45B5-87BA-16FCD5D8A834}
	EndGlobalSection
EndGlobal
